
Microsoft Visual Studio Solution File, Format Version 12.00
# Visual Studio Version 17
VisualStudioVersion = 17.1.32407.343
MinimumVisualStudioVersion = 10.0.40219.1
Project("{FAE04EC0-301F-11D3-BF4B-00C04F79EFBC}") = "SuperHeroAPI", "SuperHeroAPI.csproj", "{4D5B47E1-8629-4892-AA7E-DA5BBDD4476F}"
EndProject
Global
	GlobalSection(SolutionConfigurationPlatforms) = preSolution
		Debug|Any CPU = Debug|Any CPU
		Release|Any CPU = Release|Any CPU
	EndGlobalSection
	GlobalSection(ProjectConfigurationPlatforms) = postSolution
		{4D5B47E1-8629-4892-AA7E-DA5BBDD4476F}.Debug|Any CPU.ActiveCfg = Debug|Any CPU
		{4D5B47E1-8629-4892-AA7E-DA5BBDD4476F}.Debug|Any CPU.Build.0 = Debug|Any CPU
		{4D5B47E1-8629-4892-AA7E-DA5BBDD4476F}.Release|Any CPU.ActiveCfg = Release|Any CPU
		{4D5B47E1-8629-4892-AA7E-DA5BBDD4476F}.Release|Any CPU.Build.0 = Release|Any CPU
	EndGlobalSection
	GlobalSection(SolutionProperties) = preSolution
		HideSolutionNode = FALSE
	EndGlobalSection
	GlobalSection(ExtensibilityGlobals) = postSolution
		SolutionGuid = {8915FB3B-F50C-4070-8204-15CC650A6313}
	EndGlobalSection
EndGlobal
